// !$*UTF8*$!
{
	archiveVersion = 1;
	classes = {
	};
	objectVersion = 56;
	objects = {

/* Begin PBXBuildFile section */
		0E7DFA8D2C0E7898001BFABA /* The_Desmond_DilemmaApp.swift in Sources */ = {isa = PBXBuildFile; fileRef = 0E7DFA8C2C0E7898001BFABA /* The_Desmond_DilemmaApp.swift */; };
		0E7DFA8F2C0E7898001BFABA /* ContentView.swift in Sources */ = {isa = PBXBuildFile; fileRef = 0E7DFA8E2C0E7898001BFABA /* ContentView.swift */; };
		0E7DFA912C0E789C001BFABA /* Assets.xcassets in Resources */ = {isa = PBXBuildFile; fileRef = 0E7DFA902C0E789C001BFABA /* Assets.xcassets */; };
		0E7DFA942C0E789C001BFABA /* Preview Assets.xcassets in Resources */ = {isa = PBXBuildFile; fileRef = 0E7DFA932C0E789C001BFABA /* Preview Assets.xcassets */; };
		0E7DFAA62C0F6677001BFABA /* Engine.framework in Frameworks */ = {isa = PBXBuildFile; fileRef = 0E7DFAA02C0F6677001BFABA /* Engine.framework */; };
		0E7DFAA72C0F6677001BFABA /* Engine.framework in Embed Frameworks */ = {isa = PBXBuildFile; fileRef = 0E7DFAA02C0F6677001BFABA /* Engine.framework */; settings = {ATTRIBUTES = (CodeSignOnCopy, RemoveHeadersOnCopy, ); }; };
		0E7DFAAD2C0F6DB4001BFABA /* Color.swift in Sources */ = {isa = PBXBuildFile; fileRef = 0E7DFAAC2C0F6DB4001BFABA /* Color.swift */; };
		0E7DFAAF2C0F6DEC001BFABA /* Bitmap.swift in Sources */ = {isa = PBXBuildFile; fileRef = 0E7DFAAE2C0F6DEC001BFABA /* Bitmap.swift */; };
		0E7DFAB12C0F6E50001BFABA /* NSImage+Bitmap.swift in Sources */ = {isa = PBXBuildFile; fileRef = 0E7DFAB02C0F6E50001BFABA /* NSImage+Bitmap.swift */; };
		0E7DFAB32C0F703A001BFABA /* Renderer.swift in Sources */ = {isa = PBXBuildFile; fileRef = 0E7DFAB22C0F703A001BFABA /* Renderer.swift */; };
		0E7DFAB52C0F73D9001BFABA /* Vector.swift in Sources */ = {isa = PBXBuildFile; fileRef = 0E7DFAB42C0F73D9001BFABA /* Vector.swift */; };
		0E7DFAB72C0F73FC001BFABA /* Player.swift in Sources */ = {isa = PBXBuildFile; fileRef = 0E7DFAB62C0F73FC001BFABA /* Player.swift */; };
		0E7DFAB92C0F75D2001BFABA /* World.swift in Sources */ = {isa = PBXBuildFile; fileRef = 0E7DFAB82C0F75D2001BFABA /* World.swift */; };
		0E7DFABB2C0F7FA1001BFABA /* Rect.swift in Sources */ = {isa = PBXBuildFile; fileRef = 0E7DFABA2C0F7FA1001BFABA /* Rect.swift */; };
		0E7DFABD2C0F8958001BFABA /* Tile.swift in Sources */ = {isa = PBXBuildFile; fileRef = 0E7DFABC2C0F8958001BFABA /* Tile.swift */; };
		0E7DFABF2C0F8969001BFABA /* Tilemap.swift in Sources */ = {isa = PBXBuildFile; fileRef = 0E7DFABE2C0F8969001BFABA /* Tilemap.swift */; };
		0E7DFAC12C0F8C80001BFABA /* Levels.json in Resources */ = {isa = PBXBuildFile; fileRef = 0E7DFAC02C0F8C80001BFABA /* Levels.json */; };
		0E7DFAC32C0F906B001BFABA /* Thing.swift in Sources */ = {isa = PBXBuildFile; fileRef = 0E7DFAC22C0F906B001BFABA /* Thing.swift */; };
		0E7DFAC52C0F9355001BFABA /* SoundManager.swift in Sources */ = {isa = PBXBuildFile; fileRef = 0E7DFAC42C0F9355001BFABA /* SoundManager.swift */; };
		0E7DFAC72C0F93DD001BFABA /* KeyEventHandling.swift in Sources */ = {isa = PBXBuildFile; fileRef = 0E7DFAC62C0F93DD001BFABA /* KeyEventHandling.swift */; };
		0E7DFAC92C0F940C001BFABA /* ViewModel.swift in Sources */ = {isa = PBXBuildFile; fileRef = 0E7DFAC82C0F940C001BFABA /* ViewModel.swift */; };
		0E7DFACB2C0F94AD001BFABA /* Actor.swift in Sources */ = {isa = PBXBuildFile; fileRef = 0E7DFACA2C0F94AD001BFABA /* Actor.swift */; };
		0E7DFACD2C0F94CC001BFABA /* Animation.swift in Sources */ = {isa = PBXBuildFile; fileRef = 0E7DFACC2C0F94CC001BFABA /* Animation.swift */; };
		0E7DFACF2C0F94E6001BFABA /* Billboard.swift in Sources */ = {isa = PBXBuildFile; fileRef = 0E7DFACE2C0F94E6001BFABA /* Billboard.swift */; };
		0E7DFAD12C0F9562001BFABA /* Door.swift in Sources */ = {isa = PBXBuildFile; fileRef = 0E7DFAD02C0F9562001BFABA /* Door.swift */; };
		0E7DFAD32C0F9588001BFABA /* Easing.swift in Sources */ = {isa = PBXBuildFile; fileRef = 0E7DFAD22C0F9588001BFABA /* Easing.swift */; };
		0E7DFAD52C0F95A9001BFABA /* Effect.swift in Sources */ = {isa = PBXBuildFile; fileRef = 0E7DFAD42C0F95A9001BFABA /* Effect.swift */; };
		0E7DFAD72C0F95CD001BFABA /* Fan.swift in Sources */ = {isa = PBXBuildFile; fileRef = 0E7DFAD62C0F95CD001BFABA /* Fan.swift */; };
		0E7DFAD92C0F95F5001BFABA /* Input.swift in Sources */ = {isa = PBXBuildFile; fileRef = 0E7DFAD82C0F95F5001BFABA /* Input.swift */; };
		0E7DFADB2C0F9625001BFABA /* Monster.swift in Sources */ = {isa = PBXBuildFile; fileRef = 0E7DFADA2C0F9625001BFABA /* Monster.swift */; };
		0E7DFADD2C0F9661001BFABA /* Pushwall.swift in Sources */ = {isa = PBXBuildFile; fileRef = 0E7DFADC2C0F9661001BFABA /* Pushwall.swift */; };
		0E7DFADF2C0F967E001BFABA /* Ray.swift in Sources */ = {isa = PBXBuildFile; fileRef = 0E7DFADE2C0F967E001BFABA /* Ray.swift */; };
		0E7DFAE12C0F96CD001BFABA /* Rotation.swift in Sources */ = {isa = PBXBuildFile; fileRef = 0E7DFAE02C0F96CD001BFABA /* Rotation.swift */; };
		0E7DFAE32C0F96F0001BFABA /* Sounds.swift in Sources */ = {isa = PBXBuildFile; fileRef = 0E7DFAE22C0F96F0001BFABA /* Sounds.swift */; };
		0E7DFAE52C0F9710001BFABA /* Switch.swift in Sources */ = {isa = PBXBuildFile; fileRef = 0E7DFAE42C0F9710001BFABA /* Switch.swift */; };
		0E7DFAE72C0F98FD001BFABA /* Textures.swift in Sources */ = {isa = PBXBuildFile; fileRef = 0E7DFAE62C0F98FD001BFABA /* Textures.swift */; };
		0E7DFAFA2C0F9A10001BFABA /* playerWalk.mp3 in Resources */ = {isa = PBXBuildFile; fileRef = 0E7DFAE92C0F9A0F001BFABA /* playerWalk.mp3 */; };
		0E7DFAFB2C0F9A10001BFABA /* playerDeath.mp3 in Resources */ = {isa = PBXBuildFile; fileRef = 0E7DFAEA2C0F9A0F001BFABA /* playerDeath.mp3 */; };
		0E7DFAFC2C0F9A10001BFABA /* shotgunFire.mp3 in Resources */ = {isa = PBXBuildFile; fileRef = 0E7DFAEB2C0F9A0F001BFABA /* shotgunFire.mp3 */; };
		0E7DFAFD2C0F9A10001BFABA /* monsterHit.mp3 in Resources */ = {isa = PBXBuildFile; fileRef = 0E7DFAEC2C0F9A0F001BFABA /* monsterHit.mp3 */; };
		0E7DFAFE2C0F9A10001BFABA /* ricochet.mp3 in Resources */ = {isa = PBXBuildFile; fileRef = 0E7DFAED2C0F9A0F001BFABA /* ricochet.mp3 */; };
		0E7DFAFF2C0F9A10001BFABA /* medkit.mp3 in Resources */ = {isa = PBXBuildFile; fileRef = 0E7DFAEE2C0F9A0F001BFABA /* medkit.mp3 */; };
		0E7DFB002C0F9A10001BFABA /* monsterGroan.mp3 in Resources */ = {isa = PBXBuildFile; fileRef = 0E7DFAEF2C0F9A0F001BFABA /* monsterGroan.mp3 */; };
		0E7DFB012C0F9A10001BFABA /* switchFlip.mp3 in Resources */ = {isa = PBXBuildFile; fileRef = 0E7DFAF02C0F9A0F001BFABA /* switchFlip.mp3 */; };
		0E7DFB022C0F9A10001BFABA /* pistolFire.mp3 in Resources */ = {isa = PBXBuildFile; fileRef = 0E7DFAF12C0F9A10001BFABA /* pistolFire.mp3 */; };
		0E7DFB032C0F9A10001BFABA /* squelch.mp3 in Resources */ = {isa = PBXBuildFile; fileRef = 0E7DFAF22C0F9A10001BFABA /* squelch.mp3 */; };
		0E7DFB042C0F9A10001BFABA /* fan.mp3 in Resources */ = {isa = PBXBuildFile; fileRef = 0E7DFAF32C0F9A10001BFABA /* fan.mp3 */; };
		0E7DFB052C0F9A10001BFABA /* doorSlide.mp3 in Resources */ = {isa = PBXBuildFile; fileRef = 0E7DFAF42C0F9A10001BFABA /* doorSlide.mp3 */; };
		0E7DFB062C0F9A10001BFABA /* wallThud.mp3 in Resources */ = {isa = PBXBuildFile; fileRef = 0E7DFAF52C0F9A10001BFABA /* wallThud.mp3 */; };
		0E7DFB072C0F9A10001BFABA /* monsterSwipe.mp3 in Resources */ = {isa = PBXBuildFile; fileRef = 0E7DFAF62C0F9A10001BFABA /* monsterSwipe.mp3 */; };
		0E7DFB082C0F9A10001BFABA /* monsterDeath.mp3 in Resources */ = {isa = PBXBuildFile; fileRef = 0E7DFAF72C0F9A10001BFABA /* monsterDeath.mp3 */; };
		0E7DFB092C0F9A10001BFABA /* shotgunPickup.mp3 in Resources */ = {isa = PBXBuildFile; fileRef = 0E7DFAF82C0F9A10001BFABA /* shotgunPickup.mp3 */; };
		0E7DFB0A2C0F9A10001BFABA /* wallSlide.mp3 in Resources */ = {isa = PBXBuildFile; fileRef = 0E7DFAF92C0F9A10001BFABA /* wallSlide.mp3 */; };
/* End PBXBuildFile section */

/* Begin PBXContainerItemProxy section */
		0E7DFAA42C0F6677001BFABA /* PBXContainerItemProxy */ = {
			isa = PBXContainerItemProxy;
			containerPortal = 0E7DFA812C0E7898001BFABA /* Project object */;
			proxyType = 1;
			remoteGlobalIDString = 0E7DFA9F2C0F6677001BFABA;
			remoteInfo = Engine;
		};
/* End PBXContainerItemProxy section */

/* Begin PBXCopyFilesBuildPhase section */
		0E7DFAAB2C0F6677001BFABA /* Embed Frameworks */ = {
			isa = PBXCopyFilesBuildPhase;
			buildActionMask = 2147483647;
			dstPath = "";
			dstSubfolderSpec = 10;
			files = (
				0E7DFAA72C0F6677001BFABA /* Engine.framework in Embed Frameworks */,
			);
			name = "Embed Frameworks";
			runOnlyForDeploymentPostprocessing = 0;
		};
/* End PBXCopyFilesBuildPhase section */

/* Begin PBXFileReference section */
		0E7DFA892C0E7898001BFABA /* The Desmond Dilemma.app */ = {isa = PBXFileReference; explicitFileType = wrapper.application; includeInIndex = 0; path = "The Desmond Dilemma.app"; sourceTree = BUILT_PRODUCTS_DIR; };
		0E7DFA8C2C0E7898001BFABA /* The_Desmond_DilemmaApp.swift */ = {isa = PBXFileReference; lastKnownFileType = sourcecode.swift; path = The_Desmond_DilemmaApp.swift; sourceTree = "<group>"; };
		0E7DFA8E2C0E7898001BFABA /* ContentView.swift */ = {isa = PBXFileReference; lastKnownFileType = sourcecode.swift; path = ContentView.swift; sourceTree = "<group>"; };
		0E7DFA902C0E789C001BFABA /* Assets.xcassets */ = {isa = PBXFileReference; lastKnownFileType = folder.assetcatalog; path = Assets.xcassets; sourceTree = "<group>"; };
		0E7DFA932C0E789C001BFABA /* Preview Assets.xcassets */ = {isa = PBXFileReference; lastKnownFileType = folder.assetcatalog; path = "Preview Assets.xcassets"; sourceTree = "<group>"; };
		0E7DFA952C0E789C001BFABA /* The_Desmond_Dilemma.entitlements */ = {isa = PBXFileReference; lastKnownFileType = text.plist.entitlements; path = The_Desmond_Dilemma.entitlements; sourceTree = "<group>"; };
		0E7DFAA02C0F6677001BFABA /* Engine.framework */ = {isa = PBXFileReference; explicitFileType = wrapper.framework; includeInIndex = 0; path = Engine.framework; sourceTree = BUILT_PRODUCTS_DIR; };
		0E7DFAAC2C0F6DB4001BFABA /* Color.swift */ = {isa = PBXFileReference; lastKnownFileType = sourcecode.swift; path = Color.swift; sourceTree = "<group>"; };
		0E7DFAAE2C0F6DEC001BFABA /* Bitmap.swift */ = {isa = PBXFileReference; lastKnownFileType = sourcecode.swift; path = Bitmap.swift; sourceTree = "<group>"; };
		0E7DFAB02C0F6E50001BFABA /* NSImage+Bitmap.swift */ = {isa = PBXFileReference; lastKnownFileType = sourcecode.swift; path = "NSImage+Bitmap.swift"; sourceTree = "<group>"; };
		0E7DFAB22C0F703A001BFABA /* Renderer.swift */ = {isa = PBXFileReference; lastKnownFileType = sourcecode.swift; path = Renderer.swift; sourceTree = "<group>"; };
		0E7DFAB42C0F73D9001BFABA /* Vector.swift */ = {isa = PBXFileReference; lastKnownFileType = sourcecode.swift; path = Vector.swift; sourceTree = "<group>"; };
		0E7DFAB62C0F73FC001BFABA /* Player.swift */ = {isa = PBXFileReference; lastKnownFileType = sourcecode.swift; path = Player.swift; sourceTree = "<group>"; };
		0E7DFAB82C0F75D2001BFABA /* World.swift */ = {isa = PBXFileReference; lastKnownFileType = sourcecode.swift; path = World.swift; sourceTree = "<group>"; };
		0E7DFABA2C0F7FA1001BFABA /* Rect.swift */ = {isa = PBXFileReference; lastKnownFileType = sourcecode.swift; path = Rect.swift; sourceTree = "<group>"; };
		0E7DFABC2C0F8958001BFABA /* Tile.swift */ = {isa = PBXFileReference; lastKnownFileType = sourcecode.swift; path = Tile.swift; sourceTree = "<group>"; };
		0E7DFABE2C0F8969001BFABA /* Tilemap.swift */ = {isa = PBXFileReference; lastKnownFileType = sourcecode.swift; path = Tilemap.swift; sourceTree = "<group>"; };
		0E7DFAC02C0F8C80001BFABA /* Levels.json */ = {isa = PBXFileReference; lastKnownFileType = text.json; path = Levels.json; sourceTree = "<group>"; };
		0E7DFAC22C0F906B001BFABA /* Thing.swift */ = {isa = PBXFileReference; lastKnownFileType = sourcecode.swift; path = Thing.swift; sourceTree = "<group>"; };
		0E7DFAC42C0F9355001BFABA /* SoundManager.swift */ = {isa = PBXFileReference; lastKnownFileType = sourcecode.swift; path = SoundManager.swift; sourceTree = "<group>"; };
		0E7DFAC62C0F93DD001BFABA /* KeyEventHandling.swift */ = {isa = PBXFileReference; lastKnownFileType = sourcecode.swift; path = KeyEventHandling.swift; sourceTree = "<group>"; };
		0E7DFAC82C0F940C001BFABA /* ViewModel.swift */ = {isa = PBXFileReference; lastKnownFileType = sourcecode.swift; path = ViewModel.swift; sourceTree = "<group>"; };
		0E7DFACA2C0F94AD001BFABA /* Actor.swift */ = {isa = PBXFileReference; lastKnownFileType = sourcecode.swift; path = Actor.swift; sourceTree = "<group>"; };
		0E7DFACC2C0F94CC001BFABA /* Animation.swift */ = {isa = PBXFileReference; lastKnownFileType = sourcecode.swift; path = Animation.swift; sourceTree = "<group>"; };
		0E7DFACE2C0F94E6001BFABA /* Billboard.swift */ = {isa = PBXFileReference; lastKnownFileType = sourcecode.swift; path = Billboard.swift; sourceTree = "<group>"; };
		0E7DFAD02C0F9562001BFABA /* Door.swift */ = {isa = PBXFileReference; lastKnownFileType = sourcecode.swift; path = Door.swift; sourceTree = "<group>"; };
		0E7DFAD22C0F9588001BFABA /* Easing.swift */ = {isa = PBXFileReference; lastKnownFileType = sourcecode.swift; path = Easing.swift; sourceTree = "<group>"; };
		0E7DFAD42C0F95A9001BFABA /* Effect.swift */ = {isa = PBXFileReference; lastKnownFileType = sourcecode.swift; path = Effect.swift; sourceTree = "<group>"; };
		0E7DFAD62C0F95CD001BFABA /* Fan.swift */ = {isa = PBXFileReference; lastKnownFileType = sourcecode.swift; path = Fan.swift; sourceTree = "<group>"; };
		0E7DFAD82C0F95F5001BFABA /* Input.swift */ = {isa = PBXFileReference; lastKnownFileType = sourcecode.swift; path = Input.swift; sourceTree = "<group>"; };
		0E7DFADA2C0F9625001BFABA /* Monster.swift */ = {isa = PBXFileReference; lastKnownFileType = sourcecode.swift; path = Monster.swift; sourceTree = "<group>"; };
		0E7DFADC2C0F9661001BFABA /* Pushwall.swift */ = {isa = PBXFileReference; lastKnownFileType = sourcecode.swift; path = Pushwall.swift; sourceTree = "<group>"; };
		0E7DFADE2C0F967E001BFABA /* Ray.swift */ = {isa = PBXFileReference; lastKnownFileType = sourcecode.swift; path = Ray.swift; sourceTree = "<group>"; };
		0E7DFAE02C0F96CD001BFABA /* Rotation.swift */ = {isa = PBXFileReference; lastKnownFileType = sourcecode.swift; path = Rotation.swift; sourceTree = "<group>"; };
		0E7DFAE22C0F96F0001BFABA /* Sounds.swift */ = {isa = PBXFileReference; lastKnownFileType = sourcecode.swift; path = Sounds.swift; sourceTree = "<group>"; };
		0E7DFAE42C0F9710001BFABA /* Switch.swift */ = {isa = PBXFileReference; lastKnownFileType = sourcecode.swift; path = Switch.swift; sourceTree = "<group>"; };
		0E7DFAE62C0F98FD001BFABA /* Textures.swift */ = {isa = PBXFileReference; lastKnownFileType = sourcecode.swift; path = Textures.swift; sourceTree = "<group>"; };
		0E7DFAE92C0F9A0F001BFABA /* playerWalk.mp3 */ = {isa = PBXFileReference; lastKnownFileType = audio.mp3; name = playerWalk.mp3; path = ../../../../../../Desktop/Programs/Swift/Projects/MacRetroRampage/MacRetroRampage/Sounds/playerWalk.mp3; sourceTree = "<group>"; };
		0E7DFAEA2C0F9A0F001BFABA /* playerDeath.mp3 */ = {isa = PBXFileReference; lastKnownFileType = audio.mp3; name = playerDeath.mp3; path = ../../../../../../Desktop/Programs/Swift/Projects/MacRetroRampage/MacRetroRampage/Sounds/playerDeath.mp3; sourceTree = "<group>"; };
		0E7DFAEB2C0F9A0F001BFABA /* shotgunFire.mp3 */ = {isa = PBXFileReference; lastKnownFileType = audio.mp3; name = shotgunFire.mp3; path = ../../../../../../Desktop/Programs/Swift/Projects/MacRetroRampage/MacRetroRampage/Sounds/shotgunFire.mp3; sourceTree = "<group>"; };
		0E7DFAEC2C0F9A0F001BFABA /* monsterHit.mp3 */ = {isa = PBXFileReference; lastKnownFileType = audio.mp3; name = monsterHit.mp3; path = ../../../../../../Desktop/Programs/Swift/Projects/MacRetroRampage/MacRetroRampage/Sounds/monsterHit.mp3; sourceTree = "<group>"; };
		0E7DFAED2C0F9A0F001BFABA /* ricochet.mp3 */ = {isa = PBXFileReference; lastKnownFileType = audio.mp3; name = ricochet.mp3; path = ../../../../../../Desktop/Programs/Swift/Projects/MacRetroRampage/MacRetroRampage/Sounds/ricochet.mp3; sourceTree = "<group>"; };
		0E7DFAEE2C0F9A0F001BFABA /* medkit.mp3 */ = {isa = PBXFileReference; lastKnownFileType = audio.mp3; name = medkit.mp3; path = ../../../../../../Desktop/Programs/Swift/Projects/MacRetroRampage/MacRetroRampage/Sounds/medkit.mp3; sourceTree = "<group>"; };
		0E7DFAEF2C0F9A0F001BFABA /* monsterGroan.mp3 */ = {isa = PBXFileReference; lastKnownFileType = audio.mp3; name = monsterGroan.mp3; path = ../../../../../../Desktop/Programs/Swift/Projects/MacRetroRampage/MacRetroRampage/Sounds/monsterGroan.mp3; sourceTree = "<group>"; };
		0E7DFAF02C0F9A0F001BFABA /* switchFlip.mp3 */ = {isa = PBXFileReference; lastKnownFileType = audio.mp3; name = switchFlip.mp3; path = ../../../../../../Desktop/Programs/Swift/Projects/MacRetroRampage/MacRetroRampage/Sounds/switchFlip.mp3; sourceTree = "<group>"; };
		0E7DFAF12C0F9A10001BFABA /* pistolFire.mp3 */ = {isa = PBXFileReference; lastKnownFileType = audio.mp3; name = pistolFire.mp3; path = ../../../../../../Desktop/Programs/Swift/Projects/MacRetroRampage/MacRetroRampage/Sounds/pistolFire.mp3; sourceTree = "<group>"; };
		0E7DFAF22C0F9A10001BFABA /* squelch.mp3 */ = {isa = PBXFileReference; lastKnownFileType = audio.mp3; name = squelch.mp3; path = ../../../../../../Desktop/Programs/Swift/Projects/MacRetroRampage/MacRetroRampage/Sounds/squelch.mp3; sourceTree = "<group>"; };
		0E7DFAF32C0F9A10001BFABA /* fan.mp3 */ = {isa = PBXFileReference; lastKnownFileType = audio.mp3; name = fan.mp3; path = ../../../../../../Desktop/Programs/Swift/Projects/MacRetroRampage/MacRetroRampage/Sounds/fan.mp3; sourceTree = "<group>"; };
		0E7DFAF42C0F9A10001BFABA /* doorSlide.mp3 */ = {isa = PBXFileReference; lastKnownFileType = audio.mp3; name = doorSlide.mp3; path = ../../../../../../Desktop/Programs/Swift/Projects/MacRetroRampage/MacRetroRampage/Sounds/doorSlide.mp3; sourceTree = "<group>"; };
		0E7DFAF52C0F9A10001BFABA /* wallThud.mp3 */ = {isa = PBXFileReference; lastKnownFileType = audio.mp3; name = wallThud.mp3; path = ../../../../../../Desktop/Programs/Swift/Projects/MacRetroRampage/MacRetroRampage/Sounds/wallThud.mp3; sourceTree = "<group>"; };
		0E7DFAF62C0F9A10001BFABA /* monsterSwipe.mp3 */ = {isa = PBXFileReference; lastKnownFileType = audio.mp3; name = monsterSwipe.mp3; path = ../../../../../../Desktop/Programs/Swift/Projects/MacRetroRampage/MacRetroRampage/Sounds/monsterSwipe.mp3; sourceTree = "<group>"; };
		0E7DFAF72C0F9A10001BFABA /* monsterDeath.mp3 */ = {isa = PBXFileReference; lastKnownFileType = audio.mp3; name = monsterDeath.mp3; path = ../../../../../../Desktop/Programs/Swift/Projects/MacRetroRampage/MacRetroRampage/Sounds/monsterDeath.mp3; sourceTree = "<group>"; };
		0E7DFAF82C0F9A10001BFABA /* shotgunPickup.mp3 */ = {isa = PBXFileReference; lastKnownFileType = audio.mp3; name = shotgunPickup.mp3; path = ../../../../../../Desktop/Programs/Swift/Projects/MacRetroRampage/MacRetroRampage/Sounds/shotgunPickup.mp3; sourceTree = "<group>"; };
		0E7DFAF92C0F9A10001BFABA /* wallSlide.mp3 */ = {isa = PBXFileReference; lastKnownFileType = audio.mp3; name = wallSlide.mp3; path = ../../../../../../Desktop/Programs/Swift/Projects/MacRetroRampage/MacRetroRampage/Sounds/wallSlide.mp3; sourceTree = "<group>"; };
/* End PBXFileReference section */

/* Begin PBXFrameworksBuildPhase section */
		0E7DFA862C0E7898001BFABA /* Frameworks */ = {
			isa = PBXFrameworksBuildPhase;
			buildActionMask = 2147483647;
			files = (
				0E7DFAA62C0F6677001BFABA /* Engine.framework in Frameworks */,
			);
			runOnlyForDeploymentPostprocessing = 0;
		};
		0E7DFA9D2C0F6677001BFABA /* Frameworks */ = {
			isa = PBXFrameworksBuildPhase;
			buildActionMask = 2147483647;
			files = (
			);
			runOnlyForDeploymentPostprocessing = 0;
		};
/* End PBXFrameworksBuildPhase section */

/* Begin PBXGroup section */
		0E7DFA802C0E7898001BFABA = {
			isa = PBXGroup;
			children = (
				0E7DFA8B2C0E7898001BFABA /* The Desmond Dilemma */,
				0E7DFAA12C0F6677001BFABA /* Engine */,
				0E7DFA8A2C0E7898001BFABA /* Products */,
			);
			sourceTree = "<group>";
		};
		0E7DFA8A2C0E7898001BFABA /* Products */ = {
			isa = PBXGroup;
			children = (
				0E7DFA892C0E7898001BFABA /* The Desmond Dilemma.app */,
				0E7DFAA02C0F6677001BFABA /* Engine.framework */,
			);
			name = Products;
			sourceTree = "<group>";
		};
		0E7DFA8B2C0E7898001BFABA /* The Desmond Dilemma */ = {
			isa = PBXGroup;
			children = (
				0E7DFA8C2C0E7898001BFABA /* The_Desmond_DilemmaApp.swift */,
				0E7DFA8E2C0E7898001BFABA /* ContentView.swift */,
				0E7DFAB02C0F6E50001BFABA /* NSImage+Bitmap.swift */,
				0E7DFAC42C0F9355001BFABA /* SoundManager.swift */,
				0E7DFAC62C0F93DD001BFABA /* KeyEventHandling.swift */,
				0E7DFAC82C0F940C001BFABA /* ViewModel.swift */,
				0E7DFAC02C0F8C80001BFABA /* Levels.json */,
				0E7DFA902C0E789C001BFABA /* Assets.xcassets */,
				0E7DFAE82C0F99E3001BFABA /* Sounds */,
				0E7DFA952C0E789C001BFABA /* The_Desmond_Dilemma.entitlements */,
				0E7DFA922C0E789C001BFABA /* Preview Content */,
			);
			path = "The Desmond Dilemma";
			sourceTree = "<group>";
		};
		0E7DFA922C0E789C001BFABA /* Preview Content */ = {
			isa = PBXGroup;
			children = (
				0E7DFA932C0E789C001BFABA /* Preview Assets.xcassets */,
			);
			path = "Preview Content";
			sourceTree = "<group>";
		};
		0E7DFAA12C0F6677001BFABA /* Engine */ = {
			isa = PBXGroup;
			children = (
				0E7DFAAC2C0F6DB4001BFABA /* Color.swift */,
				0E7DFAAE2C0F6DEC001BFABA /* Bitmap.swift */,
				0E7DFAB22C0F703A001BFABA /* Renderer.swift */,
				0E7DFAB42C0F73D9001BFABA /* Vector.swift */,
				0E7DFAB62C0F73FC001BFABA /* Player.swift */,
				0E7DFAB82C0F75D2001BFABA /* World.swift */,
				0E7DFABA2C0F7FA1001BFABA /* Rect.swift */,
				0E7DFABC2C0F8958001BFABA /* Tile.swift */,
				0E7DFABE2C0F8969001BFABA /* Tilemap.swift */,
				0E7DFAC22C0F906B001BFABA /* Thing.swift */,
				0E7DFACA2C0F94AD001BFABA /* Actor.swift */,
				0E7DFACC2C0F94CC001BFABA /* Animation.swift */,
				0E7DFACE2C0F94E6001BFABA /* Billboard.swift */,
				0E7DFAD02C0F9562001BFABA /* Door.swift */,
				0E7DFAD22C0F9588001BFABA /* Easing.swift */,
				0E7DFAD42C0F95A9001BFABA /* Effect.swift */,
				0E7DFAD62C0F95CD001BFABA /* Fan.swift */,
				0E7DFAD82C0F95F5001BFABA /* Input.swift */,
				0E7DFADA2C0F9625001BFABA /* Monster.swift */,
				0E7DFADC2C0F9661001BFABA /* Pushwall.swift */,
				0E7DFADE2C0F967E001BFABA /* Ray.swift */,
				0E7DFAE02C0F96CD001BFABA /* Rotation.swift */,
				0E7DFAE22C0F96F0001BFABA /* Sounds.swift */,
				0E7DFAE42C0F9710001BFABA /* Switch.swift */,
				0E7DFAE62C0F98FD001BFABA /* Textures.swift */,
			);
			path = Engine;
			sourceTree = "<group>";
		};
		0E7DFAE82C0F99E3001BFABA /* Sounds */ = {
			isa = PBXGroup;
			children = (
				0E7DFAF42C0F9A10001BFABA /* doorSlide.mp3 */,
				0E7DFAF32C0F9A10001BFABA /* fan.mp3 */,
				0E7DFAEE2C0F9A0F001BFABA /* medkit.mp3 */,
				0E7DFAF72C0F9A10001BFABA /* monsterDeath.mp3 */,
				0E7DFAEF2C0F9A0F001BFABA /* monsterGroan.mp3 */,
				0E7DFAEC2C0F9A0F001BFABA /* monsterHit.mp3 */,
				0E7DFAF62C0F9A10001BFABA /* monsterSwipe.mp3 */,
				0E7DFAF12C0F9A10001BFABA /* pistolFire.mp3 */,
				0E7DFAEA2C0F9A0F001BFABA /* playerDeath.mp3 */,
				0E7DFAE92C0F9A0F001BFABA /* playerWalk.mp3 */,
				0E7DFAED2C0F9A0F001BFABA /* ricochet.mp3 */,
				0E7DFAEB2C0F9A0F001BFABA /* shotgunFire.mp3 */,
				0E7DFAF82C0F9A10001BFABA /* shotgunPickup.mp3 */,
				0E7DFAF22C0F9A10001BFABA /* squelch.mp3 */,
				0E7DFAF02C0F9A0F001BFABA /* switchFlip.mp3 */,
				0E7DFAF92C0F9A10001BFABA /* wallSlide.mp3 */,
				0E7DFAF52C0F9A10001BFABA /* wallThud.mp3 */,
			);
			path = Sounds;
			sourceTree = "<group>";
		};
/* End PBXGroup section */

/* Begin PBXHeadersBuildPhase section */
		0E7DFA9B2C0F6677001BFABA /* Headers */ = {
			isa = PBXHeadersBuildPhase;
			buildActionMask = 2147483647;
			files = (
			);
			runOnlyForDeploymentPostprocessing = 0;
		};
/* End PBXHeadersBuildPhase section */

/* Begin PBXNativeTarget section */
		0E7DFA882C0E7898001BFABA /* The Desmond Dilemma */ = {
			isa = PBXNativeTarget;
			buildConfigurationList = 0E7DFA982C0E789C001BFABA /* Build configuration list for PBXNativeTarget "The Desmond Dilemma" */;
			buildPhases = (
				0E7DFA852C0E7898001BFABA /* Sources */,
				0E7DFA862C0E7898001BFABA /* Frameworks */,
				0E7DFA872C0E7898001BFABA /* Resources */,
				0E7DFAAB2C0F6677001BFABA /* Embed Frameworks */,
			);
			buildRules = (
			);
			dependencies = (
				0E7DFAA52C0F6677001BFABA /* PBXTargetDependency */,
			);
			name = "The Desmond Dilemma";
			productName = "The Desmond Dilemma";
			productReference = 0E7DFA892C0E7898001BFABA /* The Desmond Dilemma.app */;
			productType = "com.apple.product-type.application";
		};
		0E7DFA9F2C0F6677001BFABA /* Engine */ = {
			isa = PBXNativeTarget;
			buildConfigurationList = 0E7DFAA82C0F6677001BFABA /* Build configuration list for PBXNativeTarget "Engine" */;
			buildPhases = (
				0E7DFA9B2C0F6677001BFABA /* Headers */,
				0E7DFA9C2C0F6677001BFABA /* Sources */,
				0E7DFA9D2C0F6677001BFABA /* Frameworks */,
				0E7DFA9E2C0F6677001BFABA /* Resources */,
			);
			buildRules = (
			);
			dependencies = (
			);
			name = Engine;
			productName = Engine;
			productReference = 0E7DFAA02C0F6677001BFABA /* Engine.framework */;
			productType = "com.apple.product-type.framework";
		};
/* End PBXNativeTarget section */

/* Begin PBXProject section */
		0E7DFA812C0E7898001BFABA /* Project object */ = {
			isa = PBXProject;
			attributes = {
				BuildIndependentTargetsInParallel = 1;
				LastSwiftUpdateCheck = 1520;
				LastUpgradeCheck = 1520;
				TargetAttributes = {
					0E7DFA882C0E7898001BFABA = {
						CreatedOnToolsVersion = 15.2;
					};
					0E7DFA9F2C0F6677001BFABA = {
						CreatedOnToolsVersion = 15.2;
						LastSwiftMigration = 1520;
					};
				};
			};
			buildConfigurationList = 0E7DFA842C0E7898001BFABA /* Build configuration list for PBXProject "The Desmond Dilemma" */;
			compatibilityVersion = "Xcode 14.0";
			developmentRegion = en;
			hasScannedForEncodings = 0;
			knownRegions = (
				en,
				Base,
			);
			mainGroup = 0E7DFA802C0E7898001BFABA;
			productRefGroup = 0E7DFA8A2C0E7898001BFABA /* Products */;
			projectDirPath = "";
			projectRoot = "";
			targets = (
				0E7DFA882C0E7898001BFABA /* The Desmond Dilemma */,
				0E7DFA9F2C0F6677001BFABA /* Engine */,
			);
		};
/* End PBXProject section */

/* Begin PBXResourcesBuildPhase section */
		0E7DFA872C0E7898001BFABA /* Resources */ = {
			isa = PBXResourcesBuildPhase;
			buildActionMask = 2147483647;
			files = (
				0E7DFAFA2C0F9A10001BFABA /* playerWalk.mp3 in Resources */,
				0E7DFB022C0F9A10001BFABA /* pistolFire.mp3 in Resources */,
				0E7DFB002C0F9A10001BFABA /* monsterGroan.mp3 in Resources */,
				0E7DFAFC2C0F9A10001BFABA /* shotgunFire.mp3 in Resources */,
				0E7DFB052C0F9A10001BFABA /* doorSlide.mp3 in Resources */,
				0E7DFB032C0F9A10001BFABA /* squelch.mp3 in Resources */,
				0E7DFAC12C0F8C80001BFABA /* Levels.json in Resources */,
				0E7DFB072C0F9A10001BFABA /* monsterSwipe.mp3 in Resources */,
				0E7DFAFE2C0F9A10001BFABA /* ricochet.mp3 in Resources */,
				0E7DFA942C0E789C001BFABA /* Preview Assets.xcassets in Resources */,
				0E7DFB082C0F9A10001BFABA /* monsterDeath.mp3 in Resources */,
				0E7DFAFF2C0F9A10001BFABA /* medkit.mp3 in Resources */,
				0E7DFB0A2C0F9A10001BFABA /* wallSlide.mp3 in Resources */,
				0E7DFA912C0E789C001BFABA /* Assets.xcassets in Resources */,
				0E7DFAFD2C0F9A10001BFABA /* monsterHit.mp3 in Resources */,
				0E7DFAFB2C0F9A10001BFABA /* playerDeath.mp3 in Resources */,
				0E7DFB042C0F9A10001BFABA /* fan.mp3 in Resources */,
				0E7DFB092C0F9A10001BFABA /* shotgunPickup.mp3 in Resources */,
				0E7DFB012C0F9A10001BFABA /* switchFlip.mp3 in Resources */,
				0E7DFB062C0F9A10001BFABA /* wallThud.mp3 in Resources */,
			);
			runOnlyForDeploymentPostprocessing = 0;
		};
		0E7DFA9E2C0F6677001BFABA /* Resources */ = {
			isa = PBXResourcesBuildPhase;
			buildActionMask = 2147483647;
			files = (
			);
			runOnlyForDeploymentPostprocessing = 0;
		};
/* End PBXResourcesBuildPhase section */

/* Begin PBXSourcesBuildPhase section */
		0E7DFA852C0E7898001BFABA /* Sources */ = {
			isa = PBXSourcesBuildPhase;
			buildActionMask = 2147483647;
			files = (
				0E7DFA8F2C0E7898001BFABA /* ContentView.swift in Sources */,
				0E7DFAC52C0F9355001BFABA /* SoundManager.swift in Sources */,
				0E7DFAB12C0F6E50001BFABA /* NSImage+Bitmap.swift in Sources */,
				0E7DFA8D2C0E7898001BFABA /* The_Desmond_DilemmaApp.swift in Sources */,
				0E7DFAC92C0F940C001BFABA /* ViewModel.swift in Sources */,
				0E7DFAC72C0F93DD001BFABA /* KeyEventHandling.swift in Sources */,
			);
			runOnlyForDeploymentPostprocessing = 0;
		};
		0E7DFA9C2C0F6677001BFABA /* Sources */ = {
			isa = PBXSourcesBuildPhase;
			buildActionMask = 2147483647;
			files = (
				0E7DFABB2C0F7FA1001BFABA /* Rect.swift in Sources */,
				0E7DFAB92C0F75D2001BFABA /* World.swift in Sources */,
				0E7DFAAF2C0F6DEC001BFABA /* Bitmap.swift in Sources */,
				0E7DFABD2C0F8958001BFABA /* Tile.swift in Sources */,
				0E7DFAD52C0F95A9001BFABA /* Effect.swift in Sources */,
				0E7DFACB2C0F94AD001BFABA /* Actor.swift in Sources */,
				0E7DFAD92C0F95F5001BFABA /* Input.swift in Sources */,
				0E7DFAD32C0F9588001BFABA /* Easing.swift in Sources */,
				0E7DFAB32C0F703A001BFABA /* Renderer.swift in Sources */,
				0E7DFAE52C0F9710001BFABA /* Switch.swift in Sources */,
				0E7DFAB52C0F73D9001BFABA /* Vector.swift in Sources */,
				0E7DFAE72C0F98FD001BFABA /* Textures.swift in Sources */,
				0E7DFAE32C0F96F0001BFABA /* Sounds.swift in Sources */,
				0E7DFAB72C0F73FC001BFABA /* Player.swift in Sources */,
				0E7DFABF2C0F8969001BFABA /* Tilemap.swift in Sources */,
				0E7DFAD12C0F9562001BFABA /* Door.swift in Sources */,
				0E7DFADD2C0F9661001BFABA /* Pushwall.swift in Sources */,
				0E7DFAC32C0F906B001BFABA /* Thing.swift in Sources */,
				0E7DFAE12C0F96CD001BFABA /* Rotation.swift in Sources */,
				0E7DFADB2C0F9625001BFABA /* Monster.swift in Sources */,
				0E7DFACD2C0F94CC001BFABA /* Animation.swift in Sources */,
				0E7DFADF2C0F967E001BFABA /* Ray.swift in Sources */,
				0E7DFACF2C0F94E6001BFABA /* Billboard.swift in Sources */,
				0E7DFAAD2C0F6DB4001BFABA /* Color.swift in Sources */,
				0E7DFAD72C0F95CD001BFABA /* Fan.swift in Sources */,
			);
			runOnlyForDeploymentPostprocessing = 0;
		};
/* End PBXSourcesBuildPhase section */

/* Begin PBXTargetDependency section */
		0E7DFAA52C0F6677001BFABA /* PBXTargetDependency */ = {
			isa = PBXTargetDependency;
			target = 0E7DFA9F2C0F6677001BFABA /* Engine */;
			targetProxy = 0E7DFAA42C0F6677001BFABA /* PBXContainerItemProxy */;
		};
/* End PBXTargetDependency section */

/* Begin XCBuildConfiguration section */
		0E7DFA962C0E789C001BFABA /* Debug */ = {
			isa = XCBuildConfiguration;
			buildSettings = {
				ALWAYS_SEARCH_USER_PATHS = NO;
				ASSETCATALOG_COMPILER_GENERATE_SWIFT_ASSET_SYMBOL_EXTENSIONS = YES;
				CLANG_ANALYZER_NONNULL = YES;
				CLANG_ANALYZER_NUMBER_OBJECT_CONVERSION = YES_AGGRESSIVE;
				CLANG_CXX_LANGUAGE_STANDARD = "gnu++20";
				CLANG_ENABLE_MODULES = YES;
				CLANG_ENABLE_OBJC_ARC = YES;
				CLANG_ENABLE_OBJC_WEAK = YES;
				CLANG_WARN_BLOCK_CAPTURE_AUTORELEASING = YES;
				CLANG_WARN_BOOL_CONVERSION = YES;
				CLANG_WARN_COMMA = YES;
				CLANG_WARN_CONSTANT_CONVERSION = YES;
				CLANG_WARN_DEPRECATED_OBJC_IMPLEMENTATIONS = YES;
				CLANG_WARN_DIRECT_OBJC_ISA_USAGE = YES_ERROR;
				CLANG_WARN_DOCUMENTATION_COMMENTS = YES;
				CLANG_WARN_EMPTY_BODY = YES;
				CLANG_WARN_ENUM_CONVERSION = YES;
				CLANG_WARN_INFINITE_RECURSION = YES;
				CLANG_WARN_INT_CONVERSION = YES;
				CLANG_WARN_NON_LITERAL_NULL_CONVERSION = YES;
				CLANG_WARN_OBJC_IMPLICIT_RETAIN_SELF = YES;
				CLANG_WARN_OBJC_LITERAL_CONVERSION = YES;
				CLANG_WARN_OBJC_ROOT_CLASS = YES_ERROR;
				CLANG_WARN_QUOTED_INCLUDE_IN_FRAMEWORK_HEADER = YES;
				CLANG_WARN_RANGE_LOOP_ANALYSIS = YES;
				CLANG_WARN_STRICT_PROTOTYPES = YES;
				CLANG_WARN_SUSPICIOUS_MOVE = YES;
				CLANG_WARN_UNGUARDED_AVAILABILITY = YES_AGGRESSIVE;
				CLANG_WARN_UNREACHABLE_CODE = YES;
				CLANG_WARN__DUPLICATE_METHOD_MATCH = YES;
				COPY_PHASE_STRIP = NO;
				DEBUG_INFORMATION_FORMAT = dwarf;
				ENABLE_STRICT_OBJC_MSGSEND = YES;
				ENABLE_TESTABILITY = YES;
				ENABLE_USER_SCRIPT_SANDBOXING = YES;
				GCC_C_LANGUAGE_STANDARD = gnu17;
				GCC_DYNAMIC_NO_PIC = NO;
				GCC_NO_COMMON_BLOCKS = YES;
				GCC_OPTIMIZATION_LEVEL = 0;
				GCC_PREPROCESSOR_DEFINITIONS = (
					"DEBUG=1",
					"$(inherited)",
				);
				GCC_WARN_64_TO_32_BIT_CONVERSION = YES;
				GCC_WARN_ABOUT_RETURN_TYPE = YES_ERROR;
				GCC_WARN_UNDECLARED_SELECTOR = YES;
				GCC_WARN_UNINITIALIZED_AUTOS = YES_AGGRESSIVE;
				GCC_WARN_UNUSED_FUNCTION = YES;
				GCC_WARN_UNUSED_VARIABLE = YES;
				LOCALIZATION_PREFERS_STRING_CATALOGS = YES;
				MACOSX_DEPLOYMENT_TARGET = 13.6;
				MTL_ENABLE_DEBUG_INFO = INCLUDE_SOURCE;
				MTL_FAST_MATH = YES;
				ONLY_ACTIVE_ARCH = YES;
				SDKROOT = macosx;
				SWIFT_ACTIVE_COMPILATION_CONDITIONS = "DEBUG $(inherited)";
				SWIFT_OPTIMIZATION_LEVEL = "-Onone";
			};
			name = Debug;
		};
		0E7DFA972C0E789C001BFABA /* Release */ = {
			isa = XCBuildConfiguration;
			buildSettings = {
				ALWAYS_SEARCH_USER_PATHS = NO;
				ASSETCATALOG_COMPILER_GENERATE_SWIFT_ASSET_SYMBOL_EXTENSIONS = YES;
				CLANG_ANALYZER_NONNULL = YES;
				CLANG_ANALYZER_NUMBER_OBJECT_CONVERSION = YES_AGGRESSIVE;
				CLANG_CXX_LANGUAGE_STANDARD = "gnu++20";
				CLANG_ENABLE_MODULES = YES;
				CLANG_ENABLE_OBJC_ARC = YES;
				CLANG_ENABLE_OBJC_WEAK = YES;
				CLANG_WARN_BLOCK_CAPTURE_AUTORELEASING = YES;
				CLANG_WARN_BOOL_CONVERSION = YES;
				CLANG_WARN_COMMA = YES;
				CLANG_WARN_CONSTANT_CONVERSION = YES;
				CLANG_WARN_DEPRECATED_OBJC_IMPLEMENTATIONS = YES;
				CLANG_WARN_DIRECT_OBJC_ISA_USAGE = YES_ERROR;
				CLANG_WARN_DOCUMENTATION_COMMENTS = YES;
				CLANG_WARN_EMPTY_BODY = YES;
				CLANG_WARN_ENUM_CONVERSION = YES;
				CLANG_WARN_INFINITE_RECURSION = YES;
				CLANG_WARN_INT_CONVERSION = YES;
				CLANG_WARN_NON_LITERAL_NULL_CONVERSION = YES;
				CLANG_WARN_OBJC_IMPLICIT_RETAIN_SELF = YES;
				CLANG_WARN_OBJC_LITERAL_CONVERSION = YES;
				CLANG_WARN_OBJC_ROOT_CLASS = YES_ERROR;
				CLANG_WARN_QUOTED_INCLUDE_IN_FRAMEWORK_HEADER = YES;
				CLANG_WARN_RANGE_LOOP_ANALYSIS = YES;
				CLANG_WARN_STRICT_PROTOTYPES = YES;
				CLANG_WARN_SUSPICIOUS_MOVE = YES;
				CLANG_WARN_UNGUARDED_AVAILABILITY = YES_AGGRESSIVE;
				CLANG_WARN_UNREACHABLE_CODE = YES;
				CLANG_WARN__DUPLICATE_METHOD_MATCH = YES;
				COPY_PHASE_STRIP = NO;
				DEBUG_INFORMATION_FORMAT = "dwarf-with-dsym";
				ENABLE_NS_ASSERTIONS = NO;
				ENABLE_STRICT_OBJC_MSGSEND = YES;
				ENABLE_USER_SCRIPT_SANDBOXING = YES;
				GCC_C_LANGUAGE_STANDARD = gnu17;
				GCC_NO_COMMON_BLOCKS = YES;
				GCC_WARN_64_TO_32_BIT_CONVERSION = YES;
				GCC_WARN_ABOUT_RETURN_TYPE = YES_ERROR;
				GCC_WARN_UNDECLARED_SELECTOR = YES;
				GCC_WARN_UNINITIALIZED_AUTOS = YES_AGGRESSIVE;
				GCC_WARN_UNUSED_FUNCTION = YES;
				GCC_WARN_UNUSED_VARIABLE = YES;
				LOCALIZATION_PREFERS_STRING_CATALOGS = YES;
				MACOSX_DEPLOYMENT_TARGET = 13.6;
				MTL_ENABLE_DEBUG_INFO = NO;
				MTL_FAST_MATH = YES;
				SDKROOT = macosx;
				SWIFT_COMPILATION_MODE = wholemodule;
			};
			name = Release;
		};
		0E7DFA992C0E789C001BFABA /* Debug */ = {
			isa = XCBuildConfiguration;
			buildSettings = {
				ALWAYS_EMBED_SWIFT_STANDARD_LIBRARIES = YES;
				ASSETCATALOG_COMPILER_APPICON_NAME = AppIcon;
				ASSETCATALOG_COMPILER_GLOBAL_ACCENT_COLOR_NAME = AccentColor;
				CODE_SIGN_ENTITLEMENTS = "The Desmond Dilemma/The_Desmond_Dilemma.entitlements";
				CODE_SIGN_STYLE = Automatic;
				COMBINE_HIDPI_IMAGES = YES;
				CURRENT_PROJECT_VERSION = 1;
				DEVELOPMENT_ASSET_PATHS = "\"The Desmond Dilemma/Preview Content\"";
				DEVELOPMENT_TEAM = 6G8ZYP2B49;
				ENABLE_HARDENED_RUNTIME = YES;
				ENABLE_PREVIEWS = YES;
				GENERATE_INFOPLIST_FILE = YES;
				INFOPLIST_KEY_CFBundleDisplayName = "The Desmond Dilemma";
				INFOPLIST_KEY_LSApplicationCategoryType = "public.app-category.adventure-games";
				INFOPLIST_KEY_NSHumanReadableCopyright = "";
				LD_RUNPATH_SEARCH_PATHS = (
					"$(inherited)",
					"@executable_path/../Frameworks",
				);
				MACOSX_DEPLOYMENT_TARGET = 12.0;
				MARKETING_VERSION = 1.0;
				PRODUCT_BUNDLE_IDENTIFIER = "com.awilson-dev.The-Desmond-Dilemma";
				PRODUCT_NAME = "$(TARGET_NAME)";
				SWIFT_EMIT_LOC_STRINGS = YES;
				SWIFT_VERSION = 5.0;
			};
			name = Debug;
		};
		0E7DFA9A2C0E789C001BFABA /* Release */ = {
			isa = XCBuildConfiguration;
			buildSettings = {
				ALWAYS_EMBED_SWIFT_STANDARD_LIBRARIES = YES;
				ASSETCATALOG_COMPILER_APPICON_NAME = AppIcon;
				ASSETCATALOG_COMPILER_GLOBAL_ACCENT_COLOR_NAME = AccentColor;
				CODE_SIGN_ENTITLEMENTS = "The Desmond Dilemma/The_Desmond_Dilemma.entitlements";
				CODE_SIGN_STYLE = Automatic;
				COMBINE_HIDPI_IMAGES = YES;
				CURRENT_PROJECT_VERSION = 1;
				DEVELOPMENT_ASSET_PATHS = "\"The Desmond Dilemma/Preview Content\"";
				DEVELOPMENT_TEAM = 6G8ZYP2B49;
				ENABLE_HARDENED_RUNTIME = YES;
				ENABLE_PREVIEWS = YES;
				GENERATE_INFOPLIST_FILE = YES;
				INFOPLIST_KEY_CFBundleDisplayName = "The Desmond Dilemma";
				INFOPLIST_KEY_LSApplicationCategoryType = "public.app-category.adventure-games";
				INFOPLIST_KEY_NSHumanReadableCopyright = "";
				LD_RUNPATH_SEARCH_PATHS = (
					"$(inherited)",
					"@executable_path/../Frameworks",
				);
				MACOSX_DEPLOYMENT_TARGET = 12.0;
				MARKETING_VERSION = 1.0;
				PRODUCT_BUNDLE_IDENTIFIER = "com.awilson-dev.The-Desmond-Dilemma";
				PRODUCT_NAME = "$(TARGET_NAME)";
				SWIFT_EMIT_LOC_STRINGS = YES;
				SWIFT_VERSION = 5.0;
			};
			name = Release;
		};
		0E7DFAA92C0F6677001BFABA /* Debug */ = {
			isa = XCBuildConfiguration;
			buildSettings = {
				CLANG_ENABLE_MODULES = YES;
				CODE_SIGN_STYLE = Automatic;
				COMBINE_HIDPI_IMAGES = YES;
				CURRENT_PROJECT_VERSION = 1;
				DEFINES_MODULE = YES;
				DEVELOPMENT_TEAM = 6G8ZYP2B49;
				DYLIB_COMPATIBILITY_VERSION = 1;
				DYLIB_CURRENT_VERSION = 1;
				DYLIB_INSTALL_NAME_BASE = "@rpath";
				ENABLE_MODULE_VERIFIER = YES;
				GENERATE_INFOPLIST_FILE = YES;
				INFOPLIST_KEY_NSHumanReadableCopyright = "";
				INSTALL_PATH = "$(LOCAL_LIBRARY_DIR)/Frameworks";
				LD_RUNPATH_SEARCH_PATHS = (
					"$(inherited)",
					"@executable_path/../Frameworks",
					"@loader_path/Frameworks",
				);
				MACOSX_DEPLOYMENT_TARGET = 12.0;
				MARKETING_VERSION = 1.0;
				MODULE_VERIFIER_SUPPORTED_LANGUAGES = "objective-c objective-c++";
				MODULE_VERIFIER_SUPPORTED_LANGUAGE_STANDARDS = "gnu17 gnu++20";
				PRODUCT_BUNDLE_IDENTIFIER = "com.awilson-dev.Engine";
				PRODUCT_NAME = "$(TARGET_NAME:c99extidentifier)";
				SKIP_INSTALL = YES;
				SWIFT_EMIT_LOC_STRINGS = YES;
				SWIFT_OPTIMIZATION_LEVEL = "-Onone";
				SWIFT_VERSION = 5.0;
				VERSIONING_SYSTEM = "apple-generic";
				VERSION_INFO_PREFIX = "";
			};
			name = Debug;
		};
		0E7DFAAA2C0F6677001BFABA /* Release */ = {
			isa = XCBuildConfiguration;
			buildSettings = {
				CLANG_ENABLE_MODULES = YES;
				CODE_SIGN_STYLE = Automatic;
				COMBINE_HIDPI_IMAGES = YES;
				CURRENT_PROJECT_VERSION = 1;
				DEFINES_MODULE = YES;
				DEVELOPMENT_TEAM = 6G8ZYP2B49;
				DYLIB_COMPATIBILITY_VERSION = 1;
				DYLIB_CURRENT_VERSION = 1;
				DYLIB_INSTALL_NAME_BASE = "@rpath";
				ENABLE_MODULE_VERIFIER = YES;
				GENERATE_INFOPLIST_FILE = YES;
				INFOPLIST_KEY_NSHumanReadableCopyright = "";
				INSTALL_PATH = "$(LOCAL_LIBRARY_DIR)/Frameworks";
				LD_RUNPATH_SEARCH_PATHS = (
					"$(inherited)",
					"@executable_path/../Frameworks",
					"@loader_path/Frameworks",
				);
				MACOSX_DEPLOYMENT_TARGET = 12.0;
				MARKETING_VERSION = 1.0;
				MODULE_VERIFIER_SUPPORTED_LANGUAGES = "objective-c objective-c++";
				MODULE_VERIFIER_SUPPORTED_LANGUAGE_STANDARDS = "gnu17 gnu++20";
				PRODUCT_BUNDLE_IDENTIFIER = "com.awilson-dev.Engine";
				PRODUCT_NAME = "$(TARGET_NAME:c99extidentifier)";
				SKIP_INSTALL = YES;
				SWIFT_EMIT_LOC_STRINGS = YES;
				SWIFT_VERSION = 5.0;
				VERSIONING_SYSTEM = "apple-generic";
				VERSION_INFO_PREFIX = "";
			};
			name = Release;
		};
/* End XCBuildConfiguration section */

/* Begin XCConfigurationList section */
		0E7DFA842C0E7898001BFABA /* Build configuration list for PBXProject "The Desmond Dilemma" */ = {
			isa = XCConfigurationList;
			buildConfigurations = (
				0E7DFA962C0E789C001BFABA /* Debug */,
				0E7DFA972C0E789C001BFABA /* Release */,
			);
			defaultConfigurationIsVisible = 0;
			defaultConfigurationName = Release;
		};
		0E7DFA982C0E789C001BFABA /* Build configuration list for PBXNativeTarget "The Desmond Dilemma" */ = {
			isa = XCConfigurationList;
			buildConfigurations = (
				0E7DFA992C0E789C001BFABA /* Debug */,
				0E7DFA9A2C0E789C001BFABA /* Release */,
			);
			defaultConfigurationIsVisible = 0;
			defaultConfigurationName = Release;
		};
		0E7DFAA82C0F6677001BFABA /* Build configuration list for PBXNativeTarget "Engine" */ = {
			isa = XCConfigurationList;
			buildConfigurations = (
				0E7DFAA92C0F6677001BFABA /* Debug */,
				0E7DFAAA2C0F6677001BFABA /* Release */,
			);
			defaultConfigurationIsVisible = 0;
			defaultConfigurationName = Release;
		};
/* End XCConfigurationList section */
	};
	rootObject = 0E7DFA812C0E7898001BFABA /* Project object */;
}
